
Microsoft Visual Studio Solution File, Format Version 12.00
# Visual Studio Version 17
VisualStudioVersion = 17.6.33815.320
MinimumVisualStudioVersion = 10.0.40219.1
Project("{FAE04EC0-301F-11D3-BF4B-00C04F79EFBC}") = "ManageUser.Web", "ManageUser\ManageUser.Web.csproj", "{46DA728D-984D-4791-A866-E859B2B37F69}"
EndProject
Project("{FAE04EC0-301F-11D3-BF4B-00C04F79EFBC}") = "ManageUser.DA", "ManageUser.DA\ManageUser.DA.csproj", "{6AE9F7E0-40BB-4C46-86B6-A0AD8B97A0C9}"
EndProject
Project("{FAE04EC0-301F-11D3-BF4B-00C04F79EFBC}") = "ManageUser.Utils", "ManageUser.Utils\ManageUser.Utils.csproj", "{4F26700F-0397-4362-AC73-3D4C7BEEE89B}"
EndProject
Project("{FAE04EC0-301F-11D3-BF4B-00C04F79EFBC}") = "ManageUser.Business", "ManageUser.Business\ManageUser.Business.csproj", "{6986D3C6-57C7-470E-B982-3A2FD0C8989F}"
EndProject
Global
	GlobalSection(SolutionConfigurationPlatforms) = preSolution
		Debug|Any CPU = Debug|Any CPU
		Release|Any CPU = Release|Any CPU
	EndGlobalSection
	GlobalSection(ProjectConfigurationPlatforms) = postSolution
		{46DA728D-984D-4791-A866-E859B2B37F69}.Debug|Any CPU.ActiveCfg = Debug|Any CPU
		{46DA728D-984D-4791-A866-E859B2B37F69}.Debug|Any CPU.Build.0 = Debug|Any CPU
		{46DA728D-984D-4791-A866-E859B2B37F69}.Release|Any CPU.ActiveCfg = Release|Any CPU
		{46DA728D-984D-4791-A866-E859B2B37F69}.Release|Any CPU.Build.0 = Release|Any CPU
		{6AE9F7E0-40BB-4C46-86B6-A0AD8B97A0C9}.Debug|Any CPU.ActiveCfg = Debug|Any CPU
		{6AE9F7E0-40BB-4C46-86B6-A0AD8B97A0C9}.Debug|Any CPU.Build.0 = Debug|Any CPU
		{6AE9F7E0-40BB-4C46-86B6-A0AD8B97A0C9}.Release|Any CPU.ActiveCfg = Release|Any CPU
		{6AE9F7E0-40BB-4C46-86B6-A0AD8B97A0C9}.Release|Any CPU.Build.0 = Release|Any CPU
		{4F26700F-0397-4362-AC73-3D4C7BEEE89B}.Debug|Any CPU.ActiveCfg = Debug|Any CPU
		{4F26700F-0397-4362-AC73-3D4C7BEEE89B}.Debug|Any CPU.Build.0 = Debug|Any CPU
		{4F26700F-0397-4362-AC73-3D4C7BEEE89B}.Release|Any CPU.ActiveCfg = Release|Any CPU
		{4F26700F-0397-4362-AC73-3D4C7BEEE89B}.Release|Any CPU.Build.0 = Release|Any CPU
		{6986D3C6-57C7-470E-B982-3A2FD0C8989F}.Debug|Any CPU.ActiveCfg = Debug|Any CPU
		{6986D3C6-57C7-470E-B982-3A2FD0C8989F}.Debug|Any CPU.Build.0 = Debug|Any CPU
		{6986D3C6-57C7-470E-B982-3A2FD0C8989F}.Release|Any CPU.ActiveCfg = Release|Any CPU
		{6986D3C6-57C7-470E-B982-3A2FD0C8989F}.Release|Any CPU.Build.0 = Release|Any CPU
	EndGlobalSection
	GlobalSection(SolutionProperties) = preSolution
		HideSolutionNode = FALSE
	EndGlobalSection
	GlobalSection(ExtensibilityGlobals) = postSolution
		SolutionGuid = {259BA214-7F78-4056-8237-CB9FF7F87A3D}
	EndGlobalSection
EndGlobal
